
Microsoft Visual Studio Solution File, Format Version 12.00
# Visual Studio Version 17
VisualStudioVersion = 17.8.34316.72
MinimumVisualStudioVersion = 10.0.40219.1
Project("{FAE04EC0-301F-11D3-BF4B-00C04F79EFBC}") = "CQRSCruds", "CQRSCruds.csproj", "{DE37C624-21C5-420F-A173-4892953D34CE}"
EndProject
Project("{FAE04EC0-301F-11D3-BF4B-00C04F79EFBC}") = "CQRSData", "..\CQRSData\CQRSData.csproj", "{92BC13EC-4F26-4E75-AFAE-EAEF8DAFDDC6}"
EndProject
Global
	GlobalSection(SolutionConfigurationPlatforms) = preSolution
		Debug|Any CPU = Debug|Any CPU
		Release|Any CPU = Release|Any CPU
	EndGlobalSection
	GlobalSection(ProjectConfigurationPlatforms) = postSolution
		{DE37C624-21C5-420F-A173-4892953D34CE}.Debug|Any CPU.ActiveCfg = Debug|Any CPU
		{DE37C624-21C5-420F-A173-4892953D34CE}.Debug|Any CPU.Build.0 = Debug|Any CPU
		{DE37C624-21C5-420F-A173-4892953D34CE}.Release|Any CPU.ActiveCfg = Release|Any CPU
		{DE37C624-21C5-420F-A173-4892953D34CE}.Release|Any CPU.Build.0 = Release|Any CPU
		{92BC13EC-4F26-4E75-AFAE-EAEF8DAFDDC6}.Debug|Any CPU.ActiveCfg = Debug|Any CPU
		{92BC13EC-4F26-4E75-AFAE-EAEF8DAFDDC6}.Debug|Any CPU.Build.0 = Debug|Any CPU
		{92BC13EC-4F26-4E75-AFAE-EAEF8DAFDDC6}.Release|Any CPU.ActiveCfg = Release|Any CPU
		{92BC13EC-4F26-4E75-AFAE-EAEF8DAFDDC6}.Release|Any CPU.Build.0 = Release|Any CPU
	EndGlobalSection
	GlobalSection(SolutionProperties) = preSolution
		HideSolutionNode = FALSE
	EndGlobalSection
	GlobalSection(ExtensibilityGlobals) = postSolution
		SolutionGuid = {AE1BA7AD-E9FE-4386-ABB9-72521DDCA6D1}
	EndGlobalSection
EndGlobal
